// !$*UTF8*$!
{
	archiveVersion = 1;
	classes = {
	};
	objectVersion = 77;
	objects = {

/* Begin PBXBuildFile section */
		41C595DC2FCED7610099F3CC /* main.cpp in Sources */ = {isa = PBXBuildFile; fileRef = 41C595DA2FCED74D0099F3CC /* main.cpp */; };
		41C595DD2FCED7650099F3CC /* jsonFileProc.cpp in Sources */ = {isa = PBXBuildFile; fileRef = 41C595D92FCED74D0099F3CC /* jsonFileProc.cpp */; };
		41C595E22FCED9F80099F3CC /* jsonparser.cpp in Sources */ = {isa = PBXBuildFile; fileRef = 41C595E12FCED9F80099F3CC /* jsonparser.cpp */; };
		41C595E52FCEDA560099F3CC /* jsparser.cpp in Sources */ = {isa = PBXBuildFile; fileRef = 41C595E42FCEDA560099F3CC /* jsparser.cpp */; };
		41C595E72FCEDADE0099F3CC /* jsonValue.cpp in Sources */ = {isa = PBXBuildFile; fileRef = 41C595E62FCEDADE0099F3CC /* jsonValue.cpp */; };
		41C595EA2FCEDBD10099F3CC /* strhelper.cpp in Sources */ = {isa = PBXBuildFile; fileRef = 41C595E92FCEDBD10099F3CC /* strhelper.cpp */; };
/* End PBXBuildFile section */

/* Begin PBXCopyFilesBuildPhase section */
		41C595C52FCED5330099F3CC /* CopyFiles */ = {
			isa = PBXCopyFilesBuildPhase;
			buildActionMask = 2147483647;
			dstPath = /usr/share/man/man1/;
			dstSubfolderSpec = 0;
			files = (
			);
			runOnlyForDeploymentPostprocessing = 1;
		};
/* End PBXCopyFilesBuildPhase section */

/* Begin PBXFileReference section */
		41C595C72FCED5330099F3CC /* JsonPP */ = {isa = PBXFileReference; explicitFileType = "compiled.mach-o.executable"; includeInIndex = 0; path = JsonPP; sourceTree = BUILT_PRODUCTS_DIR; };
		41C595D82FCED74D0099F3CC /* jsonFileProc.h */ = {isa = PBXFileReference; lastKnownFileType = sourcecode.c.h; name = jsonFileProc.h; path = src/jsonFileProc.h; sourceTree = "<group>"; };
		41C595D92FCED74D0099F3CC /* jsonFileProc.cpp */ = {isa = PBXFileReference; lastKnownFileType = sourcecode.cpp.cpp; name = jsonFileProc.cpp; path = src/jsonFileProc.cpp; sourceTree = "<group>"; };
		41C595DA2FCED74D0099F3CC /* main.cpp */ = {isa = PBXFileReference; lastKnownFileType = sourcecode.cpp.cpp; name = main.cpp; path = src/main.cpp; sourceTree = "<group>"; };
		41C595DF2FCED8050099F3CC /* jsonpp.h */ = {isa = PBXFileReference; lastKnownFileType = sourcecode.c.h; name = jsonpp.h; path = ../../trunk/src/jsonpp.h; sourceTree = "<group>"; };
		41C595E02FCED8E60099F3CC /* jsonparser.h */ = {isa = PBXFileReference; lastKnownFileType = sourcecode.c.h; name = jsonparser.h; path = ../../trunk/src/jsonparser.h; sourceTree = "<group>"; };
		41C595E12FCED9F80099F3CC /* jsonparser.cpp */ = {isa = PBXFileReference; lastKnownFileType = sourcecode.cpp.cpp; name = jsonparser.cpp; path = ../../trunk/src/jsonparser.cpp; sourceTree = "<group>"; };
		41C595E32FCEDA3A0099F3CC /* jsparser.h */ = {isa = PBXFileReference; lastKnownFileType = sourcecode.c.h; name = jsparser.h; path = ../../trunk/src/jsparser.h; sourceTree = "<group>"; };
		41C595E42FCEDA560099F3CC /* jsparser.cpp */ = {isa = PBXFileReference; lastKnownFileType = sourcecode.cpp.cpp; name = jsparser.cpp; path = ../../trunk/src/jsparser.cpp; sourceTree = "<group>"; };
		41C595E62FCEDADE0099F3CC /* jsonValue.cpp */ = {isa = PBXFileReference; lastKnownFileType = sourcecode.cpp.cpp; name = jsonValue.cpp; path = ../../trunk/src/jsonValue.cpp; sourceTree = "<group>"; usesTabs = 1; };
		41C595E82FCEDBBF0099F3CC /* strhelper.h */ = {isa = PBXFileReference; lastKnownFileType = sourcecode.c.h; name = strhelper.h; path = ../../trunk/src/strhelper.h; sourceTree = "<group>"; };
		41C595E92FCEDBD10099F3CC /* strhelper.cpp */ = {isa = PBXFileReference; lastKnownFileType = sourcecode.cpp.cpp; name = strhelper.cpp; path = ../../trunk/src/strhelper.cpp; sourceTree = "<group>"; };
/* End PBXFileReference section */

/* Begin PBXFrameworksBuildPhase section */
		41C595C42FCED5330099F3CC /* Frameworks */ = {
			isa = PBXFrameworksBuildPhase;
			buildActionMask = 2147483647;
			files = (
			);
			runOnlyForDeploymentPostprocessing = 0;
		};
/* End PBXFrameworksBuildPhase section */

/* Begin PBXGroup section */
		41C595BE2FCED5330099F3CC = {
			isa = PBXGroup;
			children = (
				41C595DE2FCED7C70099F3CC /* include */,
				41C595DB2FCED74D0099F3CC /* src */,
				41C595C82FCED5330099F3CC /* Products */,
			);
			sourceTree = "<group>";
		};
		41C595C82FCED5330099F3CC /* Products */ = {
			isa = PBXGroup;
			children = (
				41C595C72FCED5330099F3CC /* JsonPP */,
			);
			name = Products;
			sourceTree = "<group>";
		};
		41C595DB2FCED74D0099F3CC /* src */ = {
			isa = PBXGroup;
			children = (
				41C595E92FCEDBD10099F3CC /* strhelper.cpp */,
				41C595E42FCEDA560099F3CC /* jsparser.cpp */,
				41C595E12FCED9F80099F3CC /* jsonparser.cpp */,
				41C595E62FCEDADE0099F3CC /* jsonValue.cpp */,
				41C595D92FCED74D0099F3CC /* jsonFileProc.cpp */,
				41C595DA2FCED74D0099F3CC /* main.cpp */,
			);
			name = src;
			sourceTree = "<group>";
		};
		41C595DE2FCED7C70099F3CC /* include */ = {
			isa = PBXGroup;
			children = (
				41C595E82FCEDBBF0099F3CC /* strhelper.h */,
				41C595E32FCEDA3A0099F3CC /* jsparser.h */,
				41C595E02FCED8E60099F3CC /* jsonparser.h */,
				41C595DF2FCED8050099F3CC /* jsonpp.h */,
				41C595D82FCED74D0099F3CC /* jsonFileProc.h */,
			);
			name = include;
			sourceTree = "<group>";
		};
/* End PBXGroup section */

/* Begin PBXNativeTarget section */
		41C595C62FCED5330099F3CC /* JsonPP */ = {
			isa = PBXNativeTarget;
			buildConfigurationList = 41C595CE2FCED5330099F3CC /* Build configuration list for PBXNativeTarget "JsonPP" */;
			buildPhases = (
				41C595C32FCED5330099F3CC /* Sources */,
				41C595C42FCED5330099F3CC /* Frameworks */,
				41C595C52FCED5330099F3CC /* CopyFiles */,
			);
			buildRules = (
			);
			dependencies = (
			);
			name = JsonPP;
			packageProductDependencies = (
			);
			productName = JsonPP;
			productReference = 41C595C72FCED5330099F3CC /* JsonPP */;
			productType = "com.apple.product-type.tool";
		};
/* End PBXNativeTarget section */

/* Begin PBXProject section */
		41C595BF2FCED5330099F3CC /* Project object */ = {
			isa = PBXProject;
			attributes = {
				BuildIndependentTargetsInParallel = 1;
				LastUpgradeCheck = 2650;
				TargetAttributes = {
					41C595C62FCED5330099F3CC = {
						CreatedOnToolsVersion = 26.5;
					};
				};
			};
			buildConfigurationList = 41C595C22FCED5330099F3CC /* Build configuration list for PBXProject "JsonPP" */;
			developmentRegion = en;
			hasScannedForEncodings = 0;
			knownRegions = (
				en,
				Base,
			);
			mainGroup = 41C595BE2FCED5330099F3CC;
			minimizedProjectReferenceProxies = 1;
			preferredProjectObjectVersion = 77;
			productRefGroup = 41C595C82FCED5330099F3CC /* Products */;
			projectDirPath = "";
			projectRoot = "";
			targets = (
				41C595C62FCED5330099F3CC /* JsonPP */,
			);
		};
/* End PBXProject section */

/* Begin PBXSourcesBuildPhase section */
		41C595C32FCED5330099F3CC /* Sources */ = {
			isa = PBXSourcesBuildPhase;
			buildActionMask = 2147483647;
			files = (
				41C595E22FCED9F80099F3CC /* jsonparser.cpp in Sources */,
				41C595E72FCEDADE0099F3CC /* jsonValue.cpp in Sources */,
				41C595DC2FCED7610099F3CC /* main.cpp in Sources */,
				41C595DD2FCED7650099F3CC /* jsonFileProc.cpp in Sources */,
				41C595E52FCEDA560099F3CC /* jsparser.cpp in Sources */,
				41C595EA2FCEDBD10099F3CC /* strhelper.cpp in Sources */,
			);
			runOnlyForDeploymentPostprocessing = 0;
		};
/* End PBXSourcesBuildPhase section */

/* Begin XCBuildConfiguration section */
		41C595CC2FCED5330099F3CC /* Debug */ = {
			isa = XCBuildConfiguration;
			buildSettings = {
				ALWAYS_SEARCH_USER_PATHS = NO;
				ASSETCATALOG_COMPILER_GENERATE_SWIFT_ASSET_SYMBOL_EXTENSIONS = YES;
				CLANG_ANALYZER_NONNULL = YES;
				CLANG_ANALYZER_NUMBER_OBJECT_CONVERSION = YES_AGGRESSIVE;
				CLANG_CXX_LANGUAGE_STANDARD = "gnu++20";
				CLANG_ENABLE_MODULES = YES;
				CLANG_ENABLE_OBJC_ARC = YES;
				CLANG_ENABLE_OBJC_WEAK = YES;
				CLANG_WARN_BLOCK_CAPTURE_AUTORELEASING = YES;
				CLANG_WARN_BOOL_CONVERSION = YES;
				CLANG_WARN_COMMA = YES;
				CLANG_WARN_CONSTANT_CONVERSION = YES;
				CLANG_WARN_DEPRECATED_OBJC_IMPLEMENTATIONS = YES;
				CLANG_WARN_DIRECT_OBJC_ISA_USAGE = YES_ERROR;
				CLANG_WARN_DOCUMENTATION_COMMENTS = YES;
				CLANG_WARN_EMPTY_BODY = YES;
				CLANG_WARN_ENUM_CONVERSION = YES;
				CLANG_WARN_INFINITE_RECURSION = YES;
				CLANG_WARN_INT_CONVERSION = YES;
				CLANG_WARN_NON_LITERAL_NULL_CONVERSION = YES;
				CLANG_WARN_OBJC_IMPLICIT_RETAIN_SELF = YES;
				CLANG_WARN_OBJC_LITERAL_CONVERSION = YES;
				CLANG_WARN_OBJC_ROOT_CLASS = YES_ERROR;
				CLANG_WARN_QUOTED_INCLUDE_IN_FRAMEWORK_HEADER = YES;
				CLANG_WARN_RANGE_LOOP_ANALYSIS = YES;
				CLANG_WARN_STRICT_PROTOTYPES = YES;
				CLANG_WARN_SUSPICIOUS_MOVE = YES;
				CLANG_WARN_UNGUARDED_AVAILABILITY = YES_AGGRESSIVE;
				CLANG_WARN_UNREACHABLE_CODE = YES;
				CLANG_WARN__DUPLICATE_METHOD_MATCH = YES;
				COPY_PHASE_STRIP = NO;
				DEBUG_INFORMATION_FORMAT = dwarf;
				ENABLE_STRICT_OBJC_MSGSEND = YES;
				ENABLE_TESTABILITY = YES;
				ENABLE_USER_SCRIPT_SANDBOXING = YES;
				GCC_C_LANGUAGE_STANDARD = gnu17;
				GCC_DYNAMIC_NO_PIC = NO;
				GCC_NO_COMMON_BLOCKS = YES;
				GCC_OPTIMIZATION_LEVEL = 0;
				GCC_PREPROCESSOR_DEFINITIONS = (
					"DEBUG=1",
					"$(inherited)",
				);
				GCC_WARN_64_TO_32_BIT_CONVERSION = YES;
				GCC_WARN_ABOUT_RETURN_TYPE = YES_ERROR;
				GCC_WARN_UNDECLARED_SELECTOR = YES;
				GCC_WARN_UNINITIALIZED_AUTOS = YES_AGGRESSIVE;
				GCC_WARN_UNUSED_FUNCTION = YES;
				GCC_WARN_UNUSED_VARIABLE = YES;
				LOCALIZATION_PREFERS_STRING_CATALOGS = YES;
				MACOSX_DEPLOYMENT_TARGET = 26.5;
				MTL_ENABLE_DEBUG_INFO = INCLUDE_SOURCE;
				MTL_FAST_MATH = YES;
				ONLY_ACTIVE_ARCH = YES;
				SDKROOT = macosx;
			};
			name = Debug;
		};
		41C595CD2FCED5330099F3CC /* Release */ = {
			isa = XCBuildConfiguration;
			buildSettings = {
				ALWAYS_SEARCH_USER_PATHS = NO;
				ASSETCATALOG_COMPILER_GENERATE_SWIFT_ASSET_SYMBOL_EXTENSIONS = YES;
				CLANG_ANALYZER_NONNULL = YES;
				CLANG_ANALYZER_NUMBER_OBJECT_CONVERSION = YES_AGGRESSIVE;
				CLANG_CXX_LANGUAGE_STANDARD = "gnu++20";
				CLANG_ENABLE_MODULES = YES;
				CLANG_ENABLE_OBJC_ARC = YES;
				CLANG_ENABLE_OBJC_WEAK = YES;
				CLANG_WARN_BLOCK_CAPTURE_AUTORELEASING = YES;
				CLANG_WARN_BOOL_CONVERSION = YES;
				CLANG_WARN_COMMA = YES;
				CLANG_WARN_CONSTANT_CONVERSION = YES;
				CLANG_WARN_DEPRECATED_OBJC_IMPLEMENTATIONS = YES;
				CLANG_WARN_DIRECT_OBJC_ISA_USAGE = YES_ERROR;
				CLANG_WARN_DOCUMENTATION_COMMENTS = YES;
				CLANG_WARN_EMPTY_BODY = YES;
				CLANG_WARN_ENUM_CONVERSION = YES;
				CLANG_WARN_INFINITE_RECURSION = YES;
				CLANG_WARN_INT_CONVERSION = YES;
				CLANG_WARN_NON_LITERAL_NULL_CONVERSION = YES;
				CLANG_WARN_OBJC_IMPLICIT_RETAIN_SELF = YES;
				CLANG_WARN_OBJC_LITERAL_CONVERSION = YES;
				CLANG_WARN_OBJC_ROOT_CLASS = YES_ERROR;
				CLANG_WARN_QUOTED_INCLUDE_IN_FRAMEWORK_HEADER = YES;
				CLANG_WARN_RANGE_LOOP_ANALYSIS = YES;
				CLANG_WARN_STRICT_PROTOTYPES = YES;
				CLANG_WARN_SUSPICIOUS_MOVE = YES;
				CLANG_WARN_UNGUARDED_AVAILABILITY = YES_AGGRESSIVE;
				CLANG_WARN_UNREACHABLE_CODE = YES;
				CLANG_WARN__DUPLICATE_METHOD_MATCH = YES;
				COPY_PHASE_STRIP = NO;
				DEBUG_INFORMATION_FORMAT = "dwarf-with-dsym";
				ENABLE_NS_ASSERTIONS = NO;
				ENABLE_STRICT_OBJC_MSGSEND = YES;
				ENABLE_USER_SCRIPT_SANDBOXING = YES;
				GCC_C_LANGUAGE_STANDARD = gnu17;
				GCC_NO_COMMON_BLOCKS = YES;
				GCC_WARN_64_TO_32_BIT_CONVERSION = YES;
				GCC_WARN_ABOUT_RETURN_TYPE = YES_ERROR;
				GCC_WARN_UNDECLARED_SELECTOR = YES;
				GCC_WARN_UNINITIALIZED_AUTOS = YES_AGGRESSIVE;
				GCC_WARN_UNUSED_FUNCTION = YES;
				GCC_WARN_UNUSED_VARIABLE = YES;
				LOCALIZATION_PREFERS_STRING_CATALOGS = YES;
				MACOSX_DEPLOYMENT_TARGET = 26.5;
				MTL_ENABLE_DEBUG_INFO = NO;
				MTL_FAST_MATH = YES;
				SDKROOT = macosx;
			};
			name = Release;
		};
		41C595CF2FCED5330099F3CC /* Debug */ = {
			isa = XCBuildConfiguration;
			buildSettings = {
				CODE_SIGN_STYLE = Automatic;
				OTHER_LDFLAGS = "-liconv";
				PRODUCT_NAME = "$(TARGET_NAME)";
			};
			name = Debug;
		};
		41C595D02FCED5330099F3CC /* Release */ = {
			isa = XCBuildConfiguration;
			buildSettings = {
				CODE_SIGN_STYLE = Automatic;
				OTHER_LDFLAGS = "-liconv";
				PRODUCT_NAME = "$(TARGET_NAME)";
			};
			name = Release;
		};
/* End XCBuildConfiguration section */

/* Begin XCConfigurationList section */
		41C595C22FCED5330099F3CC /* Build configuration list for PBXProject "JsonPP" */ = {
			isa = XCConfigurationList;
			buildConfigurations = (
				41C595CC2FCED5330099F3CC /* Debug */,
				41C595CD2FCED5330099F3CC /* Release */,
			);
			defaultConfigurationIsVisible = 0;
			defaultConfigurationName = Release;
		};
		41C595CE2FCED5330099F3CC /* Build configuration list for PBXNativeTarget "JsonPP" */ = {
			isa = XCConfigurationList;
			buildConfigurations = (
				41C595CF2FCED5330099F3CC /* Debug */,
				41C595D02FCED5330099F3CC /* Release */,
			);
			defaultConfigurationIsVisible = 0;
			defaultConfigurationName = Release;
		};
/* End XCConfigurationList section */
	};
	rootObject = 41C595BF2FCED5330099F3CC /* Project object */;
}
